# This file is automatically @generated by Cargo.
# It is not intended for manual editing.
[[package]]
name = "autocfg"
version = "0.1.7"
source = "registry+https://github.com/rust-lang/crates.io-index"

[[package]]
name = "bitflags"
version = "1.2.1"
source = "registry+https://github.com/rust-lang/crates.io-index"

[[package]]
name = "byteorder"
version = "1.3.2"
source = "registry+https://github.com/rust-lang/crates.io-index"

[[package]]
name = "c2-chacha"
version = "0.2.3"
source = "registry+https://github.com/rust-lang/crates.io-index"
dependencies = [
 "ppv-lite86 0.2.6 (registry+https://github.com/rust-lang/crates.io-index)",
]

[[package]]
name = "cc"
version = "1.0.48"
source = "registry+https://github.com/rust-lang/crates.io-index"

[[package]]
name = "cfg-if"
version = "0.1.10"
source = "registry+https://github.com/rust-lang/crates.io-index"

[[package]]
name = "common"
version = "0.1.0"
dependencies = [
 "cranelift 0.51.0 (registry+https://github.com/rust-lang/crates.io-index)",
 "cranelift-module 0.51.0 (registry+https://github.com/rust-lang/crates.io-index)",
 "cranelift-simplejit 0.51.0 (registry+https://github.com/rust-lang/crates.io-index)",
 "lazy_static 1.4.0 (registry+https://github.com/rust-lang/crates.io-index)",
 "num 0.2.0 (registry+https://github.com/rust-lang/crates.io-index)",
]

[[package]]
name = "cranelift"
version = "0.51.0"
source = "registry+https://github.com/rust-lang/crates.io-index"
dependencies = [
 "cranelift-codegen 0.51.0 (registry+https://github.com/rust-lang/crates.io-index)",
 "cranelift-frontend 0.51.0 (registry+https://github.com/rust-lang/crates.io-index)",
]

[[package]]
name = "cranelift-bforest"
version = "0.51.0"
source = "registry+https://github.com/rust-lang/crates.io-index"
dependencies = [
 "cranelift-entity 0.51.0 (registry+https://github.com/rust-lang/crates.io-index)",
]

[[package]]
name = "cranelift-codegen"
version = "0.51.0"
source = "registry+https://github.com/rust-lang/crates.io-index"
dependencies = [
 "byteorder 1.3.2 (registry+https://github.com/rust-lang/crates.io-index)",
 "cranelift-bforest 0.51.0 (registry+https://github.com/rust-lang/crates.io-index)",
 "cranelift-codegen-meta 0.51.0 (registry+https://github.com/rust-lang/crates.io-index)",
 "cranelift-codegen-shared 0.51.0 (registry+https://github.com/rust-lang/crates.io-index)",
 "cranelift-entity 0.51.0 (registry+https://github.com/rust-lang/crates.io-index)",
 "log 0.4.8 (registry+https://github.com/rust-lang/crates.io-index)",
 "smallvec 1.0.0 (registry+https://github.com/rust-lang/crates.io-index)",
 "target-lexicon 0.9.0 (registry+https://github.com/rust-lang/crates.io-index)",
 "thiserror 1.0.9 (registry+https://github.com/rust-lang/crates.io-index)",
]

[[package]]
name = "cranelift-codegen-meta"
version = "0.51.0"
source = "registry+https://github.com/rust-lang/crates.io-index"
dependencies = [
 "cranelift-codegen-shared 0.51.0 (registry+https://github.com/rust-lang/crates.io-index)",
 "cranelift-entity 0.51.0 (registry+https://github.com/rust-lang/crates.io-index)",
]

[[package]]
name = "cranelift-codegen-shared"
version = "0.51.0"
source = "registry+https://github.com/rust-lang/crates.io-index"
dependencies = [
 "packed_struct 0.3.0 (registry+https://github.com/rust-lang/crates.io-index)",
 "packed_struct_codegen 0.3.0 (registry+https://github.com/rust-lang/crates.io-index)",
]

[[package]]
name = "cranelift-entity"
version = "0.51.0"
source = "registry+https://github.com/rust-lang/crates.io-index"

[[package]]
name = "cranelift-frontend"
version = "0.51.0"
source = "registry+https://github.com/rust-lang/crates.io-index"
dependencies = [
 "cranelift-codegen 0.51.0 (registry+https://github.com/rust-lang/crates.io-index)",
 "log 0.4.8 (registry+https://github.com/rust-lang/crates.io-index)",
 "smallvec 1.0.0 (registry+https://github.com/rust-lang/crates.io-index)",
 "target-lexicon 0.9.0 (registry+https://github.com/rust-lang/crates.io-index)",
]

[[package]]
name = "cranelift-module"
version = "0.51.0"
source = "registry+https://github.com/rust-lang/crates.io-index"
dependencies = [
 "cranelift-codegen 0.51.0 (registry+https://github.com/rust-lang/crates.io-index)",
 "cranelift-entity 0.51.0 (registry+https://github.com/rust-lang/crates.io-index)",
 "log 0.4.8 (registry+https://github.com/rust-lang/crates.io-index)",
 "thiserror 1.0.9 (registry+https://github.com/rust-lang/crates.io-index)",
]

[[package]]
name = "cranelift-native"
version = "0.51.0"
source = "registry+https://github.com/rust-lang/crates.io-index"
dependencies = [
 "cranelift-codegen 0.51.0 (registry+https://github.com/rust-lang/crates.io-index)",
 "raw-cpuid 7.0.3 (registry+https://github.com/rust-lang/crates.io-index)",
 "target-lexicon 0.9.0 (registry+https://github.com/rust-lang/crates.io-index)",
]

[[package]]
name = "cranelift-simplejit"
version = "0.51.0"
source = "registry+https://github.com/rust-lang/crates.io-index"
dependencies = [
 "cranelift-codegen 0.51.0 (registry+https://github.com/rust-lang/crates.io-index)",
 "cranelift-module 0.51.0 (registry+https://github.com/rust-lang/crates.io-index)",
 "cranelift-native 0.51.0 (registry+https://github.com/rust-lang/crates.io-index)",
 "errno 0.2.4 (registry+https://github.com/rust-lang/crates.io-index)",
 "libc 0.2.66 (registry+https://github.com/rust-lang/crates.io-index)",
 "region 2.1.2 (registry+https://github.com/rust-lang/crates.io-index)",
 "target-lexicon 0.9.0 (registry+https://github.com/rust-lang/crates.io-index)",
 "winapi 0.3.8 (registry+https://github.com/rust-lang/crates.io-index)",
]

[[package]]
name = "day01"
version = "0.1.0"

[[package]]
name = "day02"
version = "0.1.0"
dependencies = [
 "common 0.1.0",
]

[[package]]
name = "day03"
version = "0.1.0"

[[package]]
name = "day04"
version = "0.1.0"
dependencies = [
 "common 0.1.0",
]

[[package]]
name = "day05"
version = "0.1.0"
dependencies = [
 "common 0.1.0",
]

[[package]]
name = "day06"
version = "0.1.0"

[[package]]
name = "day07"
version = "0.1.0"
dependencies = [
 "common 0.1.0",
 "permute 0.1.0 (registry+https://github.com/rust-lang/crates.io-index)",
]

[[package]]
name = "day07b"
version = "0.1.0"
dependencies = [
 "common 0.1.0",
 "permute 0.1.0 (registry+https://github.com/rust-lang/crates.io-index)",
]

[[package]]
name = "day08"
version = "0.1.0"

[[package]]
name = "day09"
version = "0.1.0"
dependencies = [
 "common 0.1.0",
]

[[package]]
name = "day10"
version = "0.1.0"
dependencies = [
 "common 0.1.0",
]

[[package]]
name = "day11"
version = "0.1.0"
dependencies = [
 "common 0.1.0",
]

[[package]]
name = "day12"
version = "0.1.0"
dependencies = [
 "common 0.1.0",
]

[[package]]
name = "day13"
version = "0.1.0"
dependencies = [
 "common 0.1.0",
 "rand 0.7.2 (registry+https://github.com/rust-lang/crates.io-index)",
]

[[package]]
name = "day14"
version = "0.1.0"

[[package]]
name = "day15"
version = "0.1.0"
dependencies = [
 "common 0.1.0",
]

[[package]]
name = "day16"
version = "0.1.0"

[[package]]
name = "day17"
version = "0.1.0"
dependencies = [
 "common 0.1.0",
]

[[package]]
name = "day18"
version = "0.1.0"

[[package]]
name = "day19"
version = "0.1.0"
dependencies = [
 "common 0.1.0",
]

[[package]]
name = "day20"
version = "0.1.0"

[[package]]
name = "day21"
version = "0.1.0"
dependencies = [
 "common 0.1.0",
]

[[package]]
name = "day22"
version = "0.1.0"
dependencies = [
 "common 0.1.0",
]

[[package]]
name = "day23"
version = "0.1.0"
dependencies = [
 "common 0.1.0",
]

[[package]]
name = "day24"
version = "0.1.0"

[[package]]
name = "day25"
version = "0.1.0"

[[package]]
name = "errno"
version = "0.2.4"
source = "registry+https://github.com/rust-lang/crates.io-index"
dependencies = [
 "errno-dragonfly 0.1.1 (registry+https://github.com/rust-lang/crates.io-index)",
 "libc 0.2.66 (registry+https://github.com/rust-lang/crates.io-index)",
 "winapi 0.3.8 (registry+https://github.com/rust-lang/crates.io-index)",
]

[[package]]
name = "errno-dragonfly"
version = "0.1.1"
source = "registry+https://github.com/rust-lang/crates.io-index"
dependencies = [
 "gcc 0.3.55 (registry+https://github.com/rust-lang/crates.io-index)",
 "libc 0.2.66 (registry+https://github.com/rust-lang/crates.io-index)",
]

[[package]]
name = "gcc"
version = "0.3.55"
source = "registry+https://github.com/rust-lang/crates.io-index"

[[package]]
name = "getrandom"
version = "0.1.13"
source = "registry+https://github.com/rust-lang/crates.io-index"
dependencies = [
 "cfg-if 0.1.10 (registry+https://github.com/rust-lang/crates.io-index)",
 "libc 0.2.66 (registry+https://github.com/rust-lang/crates.io-index)",
 "wasi 0.7.0 (registry+https://github.com/rust-lang/crates.io-index)",
]

[[package]]
name = "lazy_static"
version = "1.4.0"
source = "registry+https://github.com/rust-lang/crates.io-index"

[[package]]
name = "libc"
version = "0.2.66"
source = "registry+https://github.com/rust-lang/crates.io-index"

[[package]]
name = "log"
version = "0.4.8"
source = "registry+https://github.com/rust-lang/crates.io-index"
dependencies = [
 "cfg-if 0.1.10 (registry+https://github.com/rust-lang/crates.io-index)",
]

[[package]]
name = "mach"
version = "0.2.3"
source = "registry+https://github.com/rust-lang/crates.io-index"
dependencies = [
 "libc 0.2.66 (registry+https://github.com/rust-lang/crates.io-index)",
]

[[package]]
name = "num"
version = "0.2.0"
source = "registry+https://github.com/rust-lang/crates.io-index"
dependencies = [
 "num-bigint 0.2.3 (registry+https://github.com/rust-lang/crates.io-index)",
 "num-complex 0.2.3 (registry+https://github.com/rust-lang/crates.io-index)",
 "num-integer 0.1.41 (registry+https://github.com/rust-lang/crates.io-index)",
 "num-iter 0.1.39 (registry+https://github.com/rust-lang/crates.io-index)",
 "num-rational 0.2.2 (registry+https://github.com/rust-lang/crates.io-index)",
 "num-traits 0.2.10 (registry+https://github.com/rust-lang/crates.io-index)",
]

[[package]]
name = "num-bigint"
version = "0.2.3"
source = "registry+https://github.com/rust-lang/crates.io-index"
dependencies = [
 "autocfg 0.1.7 (registry+https://github.com/rust-lang/crates.io-index)",
 "num-integer 0.1.41 (registry+https://github.com/rust-lang/crates.io-index)",
 "num-traits 0.2.10 (registry+https://github.com/rust-lang/crates.io-index)",
]

[[package]]
name = "num-complex"
version = "0.2.3"
source = "registry+https://github.com/rust-lang/crates.io-index"
dependencies = [
 "autocfg 0.1.7 (registry+https://github.com/rust-lang/crates.io-index)",
 "num-traits 0.2.10 (registry+https://github.com/rust-lang/crates.io-index)",
]

[[package]]
name = "num-integer"
version = "0.1.41"
source = "registry+https://github.com/rust-lang/crates.io-index"
dependencies = [
 "autocfg 0.1.7 (registry+https://github.com/rust-lang/crates.io-index)",
 "num-traits 0.2.10 (registry+https://github.com/rust-lang/crates.io-index)",
]

[[package]]
name = "num-iter"
version = "0.1.39"
source = "registry+https://github.com/rust-lang/crates.io-index"
dependencies = [
 "autocfg 0.1.7 (registry+https://github.com/rust-lang/crates.io-index)",
 "num-integer 0.1.41 (registry+https://github.com/rust-lang/crates.io-index)",
 "num-traits 0.2.10 (registry+https://github.com/rust-lang/crates.io-index)",
]

[[package]]
name = "num-rational"
version = "0.2.2"
source = "registry+https://github.com/rust-lang/crates.io-index"
dependencies = [
 "autocfg 0.1.7 (registry+https://github.com/rust-lang/crates.io-index)",
 "num-bigint 0.2.3 (registry+https://github.com/rust-lang/crates.io-index)",
 "num-integer 0.1.41 (registry+https://github.com/rust-lang/crates.io-index)",
 "num-traits 0.2.10 (registry+https://github.com/rust-lang/crates.io-index)",
]

[[package]]
name = "num-traits"
version = "0.2.10"
source = "registry+https://github.com/rust-lang/crates.io-index"
dependencies = [
 "autocfg 0.1.7 (registry+https://github.com/rust-lang/crates.io-index)",
]

[[package]]
name = "packed_struct"
version = "0.3.0"
source = "registry+https://github.com/rust-lang/crates.io-index"
dependencies = [
 "serde 1.0.104 (registry+https://github.com/rust-lang/crates.io-index)",
 "serde_derive 1.0.104 (registry+https://github.com/rust-lang/crates.io-index)",
]

[[package]]
name = "packed_struct_codegen"
version = "0.3.0"
source = "registry+https://github.com/rust-lang/crates.io-index"
dependencies = [
 "packed_struct 0.3.0 (registry+https://github.com/rust-lang/crates.io-index)",
 "quote 0.3.15 (registry+https://github.com/rust-lang/crates.io-index)",
 "syn 0.11.11 (registry+https://github.com/rust-lang/crates.io-index)",
]

[[package]]
name = "permute"
version = "0.1.0"
source = "registry+https://github.com/rust-lang/crates.io-index"

[[package]]
name = "ppv-lite86"
version = "0.2.6"
source = "registry+https://github.com/rust-lang/crates.io-index"

[[package]]
name = "proc-macro2"
version = "1.0.6"
source = "registry+https://github.com/rust-lang/crates.io-index"
dependencies = [
 "unicode-xid 0.2.0 (registry+https://github.com/rust-lang/crates.io-index)",
]

[[package]]
name = "quote"
version = "0.3.15"
source = "registry+https://github.com/rust-lang/crates.io-index"

[[package]]
name = "quote"
version = "1.0.2"
source = "registry+https://github.com/rust-lang/crates.io-index"
dependencies = [
 "proc-macro2 1.0.6 (registry+https://github.com/rust-lang/crates.io-index)",
]

[[package]]
name = "rand"
version = "0.7.2"
source = "registry+https://github.com/rust-lang/crates.io-index"
dependencies = [
 "getrandom 0.1.13 (registry+https://github.com/rust-lang/crates.io-index)",
 "libc 0.2.66 (registry+https://github.com/rust-lang/crates.io-index)",
 "rand_chacha 0.2.1 (registry+https://github.com/rust-lang/crates.io-index)",
 "rand_core 0.5.1 (registry+https://github.com/rust-lang/crates.io-index)",
 "rand_hc 0.2.0 (registry+https://github.com/rust-lang/crates.io-index)",
]

[[package]]
name = "rand_chacha"
version = "0.2.1"
source = "registry+https://github.com/rust-lang/crates.io-index"
dependencies = [
 "c2-chacha 0.2.3 (registry+https://github.com/rust-lang/crates.io-index)",
 "rand_core 0.5.1 (registry+https://github.com/rust-lang/crates.io-index)",
]

[[package]]
name = "rand_core"
version = "0.5.1"
source = "registry+https://github.com/rust-lang/crates.io-index"
dependencies = [
 "getrandom 0.1.13 (registry+https://github.com/rust-lang/crates.io-index)",
]

[[package]]
name = "rand_hc"
version = "0.2.0"
source = "registry+https://github.com/rust-lang/crates.io-index"
dependencies = [
 "rand_core 0.5.1 (registry+https://github.com/rust-lang/crates.io-index)",
]

[[package]]
name = "raw-cpuid"
version = "7.0.3"
source = "registry+https://github.com/rust-lang/crates.io-index"
dependencies = [
 "bitflags 1.2.1 (registry+https://github.com/rust-lang/crates.io-index)",
 "cc 1.0.48 (registry+https://github.com/rust-lang/crates.io-index)",
 "rustc_version 0.2.3 (registry+https://github.com/rust-lang/crates.io-index)",
]

[[package]]
name = "region"
version = "2.1.2"
source = "registry+https://github.com/rust-lang/crates.io-index"
dependencies = [
 "bitflags 1.2.1 (registry+https://github.com/rust-lang/crates.io-index)",
 "libc 0.2.66 (registry+https://github.com/rust-lang/crates.io-index)",
 "mach 0.2.3 (registry+https://github.com/rust-lang/crates.io-index)",
 "winapi 0.3.8 (registry+https://github.com/rust-lang/crates.io-index)",
]

[[package]]
name = "rustc_version"
version = "0.2.3"
source = "registry+https://github.com/rust-lang/crates.io-index"
dependencies = [
 "semver 0.9.0 (registry+https://github.com/rust-lang/crates.io-index)",
]

[[package]]
name = "semver"
version = "0.9.0"
source = "registry+https://github.com/rust-lang/crates.io-index"
dependencies = [
 "semver-parser 0.7.0 (registry+https://github.com/rust-lang/crates.io-index)",
]

[[package]]
name = "semver-parser"
version = "0.7.0"
source = "registry+https://github.com/rust-lang/crates.io-index"

[[package]]
name = "serde"
version = "1.0.104"
source = "registry+https://github.com/rust-lang/crates.io-index"

[[package]]
name = "serde_derive"
version = "1.0.104"
source = "registry+https://github.com/rust-lang/crates.io-index"
dependencies = [
 "proc-macro2 1.0.6 (registry+https://github.com/rust-lang/crates.io-index)",
 "quote 1.0.2 (registry+https://github.com/rust-lang/crates.io-index)",
 "syn 1.0.11 (registry+https://github.com/rust-lang/crates.io-index)",
]

[[package]]
name = "smallvec"
version = "1.0.0"
source = "registry+https://github.com/rust-lang/crates.io-index"

[[package]]
name = "syn"
version = "0.11.11"
source = "registry+https://github.com/rust-lang/crates.io-index"
dependencies = [
 "quote 0.3.15 (registry+https://github.com/rust-lang/crates.io-index)",
 "synom 0.11.3 (registry+https://github.com/rust-lang/crates.io-index)",
 "unicode-xid 0.0.4 (registry+https://github.com/rust-lang/crates.io-index)",
]

[[package]]
name = "syn"
version = "1.0.11"
source = "registry+https://github.com/rust-lang/crates.io-index"
dependencies = [
 "proc-macro2 1.0.6 (registry+https://github.com/rust-lang/crates.io-index)",
 "quote 1.0.2 (registry+https://github.com/rust-lang/crates.io-index)",
 "unicode-xid 0.2.0 (registry+https://github.com/rust-lang/crates.io-index)",
]

[[package]]
name = "synom"
version = "0.11.3"
source = "registry+https://github.com/rust-lang/crates.io-index"
dependencies = [
 "unicode-xid 0.0.4 (registry+https://github.com/rust-lang/crates.io-index)",
]

[[package]]
name = "target-lexicon"
version = "0.9.0"
source = "registry+https://github.com/rust-lang/crates.io-index"

[[package]]
name = "thiserror"
version = "1.0.9"
source = "registry+https://github.com/rust-lang/crates.io-index"
dependencies = [
 "thiserror-impl 1.0.9 (registry+https://github.com/rust-lang/crates.io-index)",
]

[[package]]
name = "thiserror-impl"
version = "1.0.9"
source = "registry+https://github.com/rust-lang/crates.io-index"
dependencies = [
 "proc-macro2 1.0.6 (registry+https://github.com/rust-lang/crates.io-index)",
 "quote 1.0.2 (registry+https://github.com/rust-lang/crates.io-index)",
 "syn 1.0.11 (registry+https://github.com/rust-lang/crates.io-index)",
]

[[package]]
name = "unicode-xid"
version = "0.0.4"
source = "registry+https://github.com/rust-lang/crates.io-index"

[[package]]
name = "unicode-xid"
version = "0.2.0"
source = "registry+https://github.com/rust-lang/crates.io-index"

[[package]]
name = "wasi"
version = "0.7.0"
source = "registry+https://github.com/rust-lang/crates.io-index"

[[package]]
name = "winapi"
version = "0.3.8"
source = "registry+https://github.com/rust-lang/crates.io-index"
dependencies = [
 "winapi-i686-pc-windows-gnu 0.4.0 (registry+https://github.com/rust-lang/crates.io-index)",
 "winapi-x86_64-pc-windows-gnu 0.4.0 (registry+https://github.com/rust-lang/crates.io-index)",
]

[[package]]
name = "winapi-i686-pc-windows-gnu"
version = "0.4.0"
source = "registry+https://github.com/rust-lang/crates.io-index"

[[package]]
name = "winapi-x86_64-pc-windows-gnu"
version = "0.4.0"
source = "registry+https://github.com/rust-lang/crates.io-index"

[metadata]
"checksum autocfg 0.1.7 (registry+https://github.com/rust-lang/crates.io-index)" = "1d49d90015b3c36167a20fe2810c5cd875ad504b39cff3d4eae7977e6b7c1cb2"
"checksum bitflags 1.2.1 (registry+https://github.com/rust-lang/crates.io-index)" = "cf1de2fe8c75bc145a2f577add951f8134889b4795d47466a54a5c846d691693"
"checksum byteorder 1.3.2 (registry+https://github.com/rust-lang/crates.io-index)" = "a7c3dd8985a7111efc5c80b44e23ecdd8c007de8ade3b96595387e812b957cf5"
"checksum c2-chacha 0.2.3 (registry+https://github.com/rust-lang/crates.io-index)" = "214238caa1bf3a496ec3392968969cab8549f96ff30652c9e56885329315f6bb"
"checksum cc 1.0.48 (registry+https://github.com/rust-lang/crates.io-index)" = "f52a465a666ca3d838ebbf08b241383421412fe7ebb463527bba275526d89f76"
"checksum cfg-if 0.1.10 (registry+https://github.com/rust-lang/crates.io-index)" = "4785bdd1c96b2a846b2bd7cc02e86b6b3dbf14e7e53446c4f54c92a361040822"
"checksum cranelift 0.51.0 (registry+https://github.com/rust-lang/crates.io-index)" = "d1f1f698bd157bbfd6f8a7a4ac04381e41ad5f043a2adc0fa980adff143c8786"
"checksum cranelift-bforest 0.51.0 (registry+https://github.com/rust-lang/crates.io-index)" = "40b92e7c47d47fd9f2558f8fa782e8101c08a0615c140acc5ca0f5bf27bd9376"
"checksum cranelift-codegen 0.51.0 (registry+https://github.com/rust-lang/crates.io-index)" = "f13bc8840aded006df5a91b5cabedd1e45d46fcc84d43a1fdbaeea4a7ce8e295"
"checksum cranelift-codegen-meta 0.51.0 (registry+https://github.com/rust-lang/crates.io-index)" = "843c61621d965efed391819bbd54bf7ee4c8b65057367c1791900c89b2f33c94"
"checksum cranelift-codegen-shared 0.51.0 (registry+https://github.com/rust-lang/crates.io-index)" = "f298c80f5acaa25f46bc8e3ba95524ad2f793f9e2feb4ef146b58df42d2e3c64"
"checksum cranelift-entity 0.51.0 (registry+https://github.com/rust-lang/crates.io-index)" = "057e78f3dba2f41e2ff2723cce197b18f5ffa603fb67fbabf57aca8d2b55cb95"
"checksum cranelift-frontend 0.51.0 (registry+https://github.com/rust-lang/crates.io-index)" = "53cc70a568592962ce5cd492a777ea3226a3c57c5ec8a54c0d86b61e58936185"
"checksum cranelift-module 0.51.0 (registry+https://github.com/rust-lang/crates.io-index)" = "8f0befa30188d704ce6c20d17bcff2b2f438345f06ffed96d9bf162b17a5370b"
"checksum cranelift-native 0.51.0 (registry+https://github.com/rust-lang/crates.io-index)" = "3fc338164d88bba3e2445217df034cefc65876108a5e1b63708a4222d7bd029e"
"checksum cranelift-simplejit 0.51.0 (registry+https://github.com/rust-lang/crates.io-index)" = "357da067dff4bca6a8ac1ffec5b571a65f0e42024167af979b7d60b8e93c2728"
"checksum errno 0.2.4 (registry+https://github.com/rust-lang/crates.io-index)" = "c2a071601ed01b988f896ab14b95e67335d1eeb50190932a1320f7fe3cadc84e"
"checksum errno-dragonfly 0.1.1 (registry+https://github.com/rust-lang/crates.io-index)" = "14ca354e36190500e1e1fb267c647932382b54053c50b14970856c0b00a35067"
"checksum gcc 0.3.55 (registry+https://github.com/rust-lang/crates.io-index)" = "8f5f3913fa0bfe7ee1fd8248b6b9f42a5af4b9d65ec2dd2c3c26132b950ecfc2"
"checksum getrandom 0.1.13 (registry+https://github.com/rust-lang/crates.io-index)" = "e7db7ca94ed4cd01190ceee0d8a8052f08a247aa1b469a7f68c6a3b71afcf407"
"checksum lazy_static 1.4.0 (registry+https://github.com/rust-lang/crates.io-index)" = "e2abad23fbc42b3700f2f279844dc832adb2b2eb069b2df918f455c4e18cc646"
"checksum libc 0.2.66 (registry+https://github.com/rust-lang/crates.io-index)" = "d515b1f41455adea1313a4a2ac8a8a477634fbae63cc6100e3aebb207ce61558"
"checksum log 0.4.8 (registry+https://github.com/rust-lang/crates.io-index)" = "14b6052be84e6b71ab17edffc2eeabf5c2c3ae1fdb464aae35ac50c67a44e1f7"
"checksum mach 0.2.3 (registry+https://github.com/rust-lang/crates.io-index)" = "86dd2487cdfea56def77b88438a2c915fb45113c5319bfe7e14306ca4cd0b0e1"
"checksum num 0.2.0 (registry+https://github.com/rust-lang/crates.io-index)" = "cf4825417e1e1406b3782a8ce92f4d53f26ec055e3622e1881ca8e9f5f9e08db"
"checksum num-bigint 0.2.3 (registry+https://github.com/rust-lang/crates.io-index)" = "f9c3f34cdd24f334cb265d9bf8bfa8a241920d026916785747a92f0e55541a1a"
"checksum num-complex 0.2.3 (registry+https://github.com/rust-lang/crates.io-index)" = "fcb0cf31fb3ff77e6d2a6ebd6800df7fdcd106f2ad89113c9130bcd07f93dffc"
"checksum num-integer 0.1.41 (registry+https://github.com/rust-lang/crates.io-index)" = "b85e541ef8255f6cf42bbfe4ef361305c6c135d10919ecc26126c4e5ae94bc09"
"checksum num-iter 0.1.39 (registry+https://github.com/rust-lang/crates.io-index)" = "76bd5272412d173d6bf9afdf98db8612bbabc9a7a830b7bfc9c188911716132e"
"checksum num-rational 0.2.2 (registry+https://github.com/rust-lang/crates.io-index)" = "f2885278d5fe2adc2f75ced642d52d879bffaceb5a2e0b1d4309ffdfb239b454"
"checksum num-traits 0.2.10 (registry+https://github.com/rust-lang/crates.io-index)" = "d4c81ffc11c212fa327657cb19dd85eb7419e163b5b076bede2bdb5c974c07e4"
"checksum packed_struct 0.3.0 (registry+https://github.com/rust-lang/crates.io-index)" = "90caf80e74380d94f2aabc83edb900b49123b3132442fb147f9155c87a756281"
"checksum packed_struct_codegen 0.3.0 (registry+https://github.com/rust-lang/crates.io-index)" = "9f6fda15ebe37b7b28889bd4aa75bb134652eaec9eb99d1bf02f806fca4357fc"
"checksum permute 0.1.0 (registry+https://github.com/rust-lang/crates.io-index)" = "add5cf6a6a9e572d398fc2e73500305c18b6eb66c46cc730ee3737025a4e9209"
"checksum ppv-lite86 0.2.6 (registry+https://github.com/rust-lang/crates.io-index)" = "74490b50b9fbe561ac330df47c08f3f33073d2d00c150f719147d7c54522fa1b"
"checksum proc-macro2 1.0.6 (registry+https://github.com/rust-lang/crates.io-index)" = "9c9e470a8dc4aeae2dee2f335e8f533e2d4b347e1434e5671afc49b054592f27"
"checksum quote 0.3.15 (registry+https://github.com/rust-lang/crates.io-index)" = "7a6e920b65c65f10b2ae65c831a81a073a89edd28c7cce89475bff467ab4167a"
"checksum quote 1.0.2 (registry+https://github.com/rust-lang/crates.io-index)" = "053a8c8bcc71fcce321828dc897a98ab9760bef03a4fc36693c231e5b3216cfe"
"checksum rand 0.7.2 (registry+https://github.com/rust-lang/crates.io-index)" = "3ae1b169243eaf61759b8475a998f0a385e42042370f3a7dbaf35246eacc8412"
"checksum rand_chacha 0.2.1 (registry+https://github.com/rust-lang/crates.io-index)" = "03a2a90da8c7523f554344f921aa97283eadf6ac484a6d2a7d0212fa7f8d6853"
"checksum rand_core 0.5.1 (registry+https://github.com/rust-lang/crates.io-index)" = "90bde5296fc891b0cef12a6d03ddccc162ce7b2aff54160af9338f8d40df6d19"
"checksum rand_hc 0.2.0 (registry+https://github.com/rust-lang/crates.io-index)" = "ca3129af7b92a17112d59ad498c6f81eaf463253766b90396d39ea7a39d6613c"
"checksum raw-cpuid 7.0.3 (registry+https://github.com/rust-lang/crates.io-index)" = "b4a349ca83373cfa5d6dbb66fd76e58b2cca08da71a5f6400de0a0a6a9bceeaf"
"checksum region 2.1.2 (registry+https://github.com/rust-lang/crates.io-index)" = "448e868c6e4cfddfa49b6a72c95906c04e8547465e9536575b95c70a4044f856"
"checksum rustc_version 0.2.3 (registry+https://github.com/rust-lang/crates.io-index)" = "138e3e0acb6c9fb258b19b67cb8abd63c00679d2851805ea151465464fe9030a"
"checksum semver 0.9.0 (registry+https://github.com/rust-lang/crates.io-index)" = "1d7eb9ef2c18661902cc47e535f9bc51b78acd254da71d375c2f6720d9a40403"
"checksum semver-parser 0.7.0 (registry+https://github.com/rust-lang/crates.io-index)" = "388a1df253eca08550bef6c72392cfe7c30914bf41df5269b68cbd6ff8f570a3"
"checksum serde 1.0.104 (registry+https://github.com/rust-lang/crates.io-index)" = "414115f25f818d7dfccec8ee535d76949ae78584fc4f79a6f45a904bf8ab4449"
"checksum serde_derive 1.0.104 (registry+https://github.com/rust-lang/crates.io-index)" = "128f9e303a5a29922045a830221b8f78ec74a5f544944f3d5984f8ec3895ef64"
"checksum smallvec 1.0.0 (registry+https://github.com/rust-lang/crates.io-index)" = "4ecf3b85f68e8abaa7555aa5abdb1153079387e60b718283d732f03897fcfc86"
"checksum syn 0.11.11 (registry+https://github.com/rust-lang/crates.io-index)" = "d3b891b9015c88c576343b9b3e41c2c11a51c219ef067b264bd9c8aa9b441dad"
"checksum syn 1.0.11 (registry+https://github.com/rust-lang/crates.io-index)" = "dff0acdb207ae2fe6d5976617f887eb1e35a2ba52c13c7234c790960cdad9238"
"checksum synom 0.11.3 (registry+https://github.com/rust-lang/crates.io-index)" = "a393066ed9010ebaed60b9eafa373d4b1baac186dd7e008555b0f702b51945b6"
"checksum target-lexicon 0.9.0 (registry+https://github.com/rust-lang/crates.io-index)" = "6f4c118a7a38378f305a9e111fcb2f7f838c0be324bfb31a77ea04f7f6e684b4"
"checksum thiserror 1.0.9 (registry+https://github.com/rust-lang/crates.io-index)" = "6f357d1814b33bc2dc221243f8424104bfe72dbe911d5b71b3816a2dff1c977e"
"checksum thiserror-impl 1.0.9 (registry+https://github.com/rust-lang/crates.io-index)" = "eb2e25d25307eb8436894f727aba8f65d07adf02e5b35a13cebed48bd282bfef"
"checksum unicode-xid 0.0.4 (registry+https://github.com/rust-lang/crates.io-index)" = "8c1f860d7d29cf02cb2f3f359fd35991af3d30bac52c57d265a3c461074cb4dc"
"checksum unicode-xid 0.2.0 (registry+https://github.com/rust-lang/crates.io-index)" = "826e7639553986605ec5979c7dd957c7895e93eabed50ab2ffa7f6128a75097c"
"checksum wasi 0.7.0 (registry+https://github.com/rust-lang/crates.io-index)" = "b89c3ce4ce14bdc6fb6beaf9ec7928ca331de5df7e5ea278375642a2f478570d"
"checksum winapi 0.3.8 (registry+https://github.com/rust-lang/crates.io-index)" = "8093091eeb260906a183e6ae1abdba2ef5ef2257a21801128899c3fc699229c6"
"checksum winapi-i686-pc-windows-gnu 0.4.0 (registry+https://github.com/rust-lang/crates.io-index)" = "ac3b87c63620426dd9b991e5ce0329eff545bccbbb34f3be09ff6fb6ab51b7b6"
"checksum winapi-x86_64-pc-windows-gnu 0.4.0 (registry+https://github.com/rust-lang/crates.io-index)" = "712e227841d057c1ee1cd2fb22fa7e5a5461ae8e48fa2ca79ec42cfc1931183f"
